
Microsoft Visual Studio Solution File, Format Version 12.00
# Visual Studio Version 17
VisualStudioVersion = 17.14.37314.3 d17.14
MinimumVisualStudioVersion = 10.0.40219.1
Project("{B7DD6F7E-DEF8-4E67-B5B7-07EF123DB6F0}") = "installer", "installer.wixproj", "{81ED66FA-2881-4D11-9104-625EAEEC0455}"
EndProject
Global
	GlobalSection(SolutionConfigurationPlatforms) = preSolution
		Debug|ARM64 = Debug|ARM64
		Debug|x64 = Debug|x64
		Debug|x86 = Debug|x86
		Release|ARM64 = Release|ARM64
		Release|x64 = Release|x64
		Release|x86 = Release|x86
	EndGlobalSection
	GlobalSection(ProjectConfigurationPlatforms) = postSolution
		{81ED66FA-2881-4D11-9104-625EAEEC0455}.Debug|ARM64.ActiveCfg = Debug|ARM64
		{81ED66FA-2881-4D11-9104-625EAEEC0455}.Debug|ARM64.Build.0 = Debug|ARM64
		{81ED66FA-2881-4D11-9104-625EAEEC0455}.Debug|x64.ActiveCfg = Debug|x64
		{81ED66FA-2881-4D11-9104-625EAEEC0455}.Debug|x64.Build.0 = Debug|x64
		{81ED66FA-2881-4D11-9104-625EAEEC0455}.Debug|x86.ActiveCfg = Debug|x86
		{81ED66FA-2881-4D11-9104-625EAEEC0455}.Debug|x86.Build.0 = Debug|x86
		{81ED66FA-2881-4D11-9104-625EAEEC0455}.Release|ARM64.ActiveCfg = Release|ARM64
		{81ED66FA-2881-4D11-9104-625EAEEC0455}.Release|ARM64.Build.0 = Release|ARM64
		{81ED66FA-2881-4D11-9104-625EAEEC0455}.Release|x64.ActiveCfg = Release|x64
		{81ED66FA-2881-4D11-9104-625EAEEC0455}.Release|x64.Build.0 = Release|x64
		{81ED66FA-2881-4D11-9104-625EAEEC0455}.Release|x86.ActiveCfg = Release|x86
		{81ED66FA-2881-4D11-9104-625EAEEC0455}.Release|x86.Build.0 = Release|x86
	EndGlobalSection
	GlobalSection(SolutionProperties) = preSolution
		HideSolutionNode = FALSE
	EndGlobalSection
	GlobalSection(ExtensibilityGlobals) = postSolution
		SolutionGuid = {4772C59E-8208-4FE5-AF23-C9F92B52187A}
	EndGlobalSection
EndGlobal
